// !$*UTF8*$!
{
	archiveVersion = 1;
	classes = {
	};
	objectVersion = 46;
	objects = {

/* Begin PBXBuildFile section */
		460202981F1F8CC600F89500 /* AppDelegate.swift in Sources */ = {isa = PBXBuildFile; fileRef = 460202971F1F8CC600F89500 /* AppDelegate.swift */; };
		4602029A1F1F8CC600F89500 /* ViewController.swift in Sources */ = {isa = PBXBuildFile; fileRef = 460202991F1F8CC600F89500 /* ViewController.swift */; };
		4602029D1F1F8CC600F89500 /* Main.storyboard in Resources */ = {isa = PBXBuildFile; fileRef = 4602029B1F1F8CC600F89500 /* Main.storyboard */; };
		460202A01F1F8CC600F89500 /* Words.xcdatamodeld in Sources */ = {isa = PBXBuildFile; fileRef = 4602029E1F1F8CC600F89500 /* Words.xcdatamodeld */; };
		460202A21F1F8CC600F89500 /* Assets.xcassets in Resources */ = {isa = PBXBuildFile; fileRef = 460202A11F1F8CC600F89500 /* Assets.xcassets */; };
		460202A51F1F8CC600F89500 /* LaunchScreen.storyboard in Resources */ = {isa = PBXBuildFile; fileRef = 460202A31F1F8CC600F89500 /* LaunchScreen.storyboard */; };
		461657AD1F20D6440033D897 /* Meaning.swift in Sources */ = {isa = PBXBuildFile; fileRef = 461657AC1F20D6440033D897 /* Meaning.swift */; };
		461657B01F20D67C0033D897 /* MeaningData+CoreDataClass.swift in Sources */ = {isa = PBXBuildFile; fileRef = 461657AE1F20D67C0033D897 /* MeaningData+CoreDataClass.swift */; };
		461657B11F20D67C0033D897 /* MeaningData+CoreDataProperties.swift in Sources */ = {isa = PBXBuildFile; fileRef = 461657AF1F20D67C0033D897 /* MeaningData+CoreDataProperties.swift */; };
		461657B31F20D6930033D897 /* MeaningManager.swift in Sources */ = {isa = PBXBuildFile; fileRef = 461657B21F20D6930033D897 /* MeaningManager.swift */; };
		461657B61F20D8E40033D897 /* MeaningIds.json in Resources */ = {isa = PBXBuildFile; fileRef = 461657B51F20D8E40033D897 /* MeaningIds.json */; };
		461657B81F20D93C0033D897 /* SkyengAPI.swift in Sources */ = {isa = PBXBuildFile; fileRef = 461657B71F20D93C0033D897 /* SkyengAPI.swift */; };
		46A0FC331F20E74500E14B46 /* Meaning192984.json in Resources */ = {isa = PBXBuildFile; fileRef = 46A0FC321F20E74500E14B46 /* Meaning192984.json */; };
		46A0FC371F20E9E000E14B46 /* SkyengProduct.swift in Sources */ = {isa = PBXBuildFile; fileRef = 46A0FC361F20E9E000E14B46 /* SkyengProduct.swift */; };
		46B722D61F20DAD7008C2510 /* Session.swift in Sources */ = {isa = PBXBuildFile; fileRef = 46B722D51F20DAD7008C2510 /* Session.swift */; };
		DD27B481D072F9467AC4BC60 /* Pods_Words.framework in Frameworks */ = {isa = PBXBuildFile; fileRef = DAD725FA6835F40F3B72D60C /* Pods_Words.framework */; };
/* End PBXBuildFile section */

/* Begin PBXFileReference section */
		3C0164D0F4181D4712D3C1C9 /* Pods-Words.release.xcconfig */ = {isa = PBXFileReference; includeInIndex = 1; lastKnownFileType = text.xcconfig; name = "Pods-Words.release.xcconfig"; path = "Pods/Target Support Files/Pods-Words/Pods-Words.release.xcconfig"; sourceTree = "<group>"; };
		460202941F1F8CC600F89500 /* Words.app */ = {isa = PBXFileReference; explicitFileType = wrapper.application; includeInIndex = 0; path = Words.app; sourceTree = BUILT_PRODUCTS_DIR; };
		460202971F1F8CC600F89500 /* AppDelegate.swift */ = {isa = PBXFileReference; lastKnownFileType = sourcecode.swift; path = AppDelegate.swift; sourceTree = "<group>"; };
		460202991F1F8CC600F89500 /* ViewController.swift */ = {isa = PBXFileReference; lastKnownFileType = sourcecode.swift; path = ViewController.swift; sourceTree = "<group>"; };
		4602029C1F1F8CC600F89500 /* Base */ = {isa = PBXFileReference; lastKnownFileType = file.storyboard; name = Base; path = Base.lproj/Main.storyboard; sourceTree = "<group>"; };
		4602029F1F1F8CC600F89500 /* Words.xcdatamodel */ = {isa = PBXFileReference; lastKnownFileType = wrapper.xcdatamodel; path = Words.xcdatamodel; sourceTree = "<group>"; };
		460202A11F1F8CC600F89500 /* Assets.xcassets */ = {isa = PBXFileReference; lastKnownFileType = folder.assetcatalog; path = Assets.xcassets; sourceTree = "<group>"; };
		460202A41F1F8CC600F89500 /* Base */ = {isa = PBXFileReference; lastKnownFileType = file.storyboard; name = Base; path = Base.lproj/LaunchScreen.storyboard; sourceTree = "<group>"; };
		460202A61F1F8CC600F89500 /* Info.plist */ = {isa = PBXFileReference; lastKnownFileType = text.plist.xml; path = Info.plist; sourceTree = "<group>"; };
		461657AC1F20D6440033D897 /* Meaning.swift */ = {isa = PBXFileReference; fileEncoding = 4; lastKnownFileType = sourcecode.swift; path = Meaning.swift; sourceTree = "<group>"; };
		461657AE1F20D67C0033D897 /* MeaningData+CoreDataClass.swift */ = {isa = PBXFileReference; fileEncoding = 4; lastKnownFileType = sourcecode.swift; path = "MeaningData+CoreDataClass.swift"; sourceTree = "<group>"; };
		461657AF1F20D67C0033D897 /* MeaningData+CoreDataProperties.swift */ = {isa = PBXFileReference; fileEncoding = 4; lastKnownFileType = sourcecode.swift; path = "MeaningData+CoreDataProperties.swift"; sourceTree = "<group>"; };
		461657B21F20D6930033D897 /* MeaningManager.swift */ = {isa = PBXFileReference; fileEncoding = 4; lastKnownFileType = sourcecode.swift; path = MeaningManager.swift; sourceTree = "<group>"; };
		461657B51F20D8E40033D897 /* MeaningIds.json */ = {isa = PBXFileReference; fileEncoding = 4; lastKnownFileType = text.json; path = MeaningIds.json; sourceTree = "<group>"; };
		461657B71F20D93C0033D897 /* SkyengAPI.swift */ = {isa = PBXFileReference; fileEncoding = 4; lastKnownFileType = sourcecode.swift; path = SkyengAPI.swift; sourceTree = "<group>"; };
		46A0FC321F20E74500E14B46 /* Meaning192984.json */ = {isa = PBXFileReference; fileEncoding = 4; lastKnownFileType = text.json; path = Meaning192984.json; sourceTree = "<group>"; };
		46A0FC361F20E9E000E14B46 /* SkyengProduct.swift */ = {isa = PBXFileReference; fileEncoding = 4; lastKnownFileType = sourcecode.swift; path = SkyengProduct.swift; sourceTree = "<group>"; };
		46B722D51F20DAD7008C2510 /* Session.swift */ = {isa = PBXFileReference; fileEncoding = 4; lastKnownFileType = sourcecode.swift; path = Session.swift; sourceTree = "<group>"; };
		645BF7D54A20427DA2333214 /* Pods-Words.debug.xcconfig */ = {isa = PBXFileReference; includeInIndex = 1; lastKnownFileType = text.xcconfig; name = "Pods-Words.debug.xcconfig"; path = "Pods/Target Support Files/Pods-Words/Pods-Words.debug.xcconfig"; sourceTree = "<group>"; };
		DAD725FA6835F40F3B72D60C /* Pods_Words.framework */ = {isa = PBXFileReference; explicitFileType = wrapper.framework; includeInIndex = 0; path = Pods_Words.framework; sourceTree = BUILT_PRODUCTS_DIR; };
/* End PBXFileReference section */

/* Begin PBXFrameworksBuildPhase section */
		460202911F1F8CC600F89500 /* Frameworks */ = {
			isa = PBXFrameworksBuildPhase;
			buildActionMask = 2147483647;
			files = (
				DD27B481D072F9467AC4BC60 /* Pods_Words.framework in Frameworks */,
			);
			runOnlyForDeploymentPostprocessing = 0;
		};
/* End PBXFrameworksBuildPhase section */

/* Begin PBXGroup section */
		4602028B1F1F8CC600F89500 = {
			isa = PBXGroup;
			children = (
				460202961F1F8CC600F89500 /* Words */,
				460202951F1F8CC600F89500 /* Products */,
				EB90BCE0FEA13DA43B5BC4C6 /* Pods */,
				798E60889CF2D7AE1CCDDFB4 /* Frameworks */,
			);
			sourceTree = "<group>";
		};
		460202951F1F8CC600F89500 /* Products */ = {
			isa = PBXGroup;
			children = (
				460202941F1F8CC600F89500 /* Words.app */,
			);
			name = Products;
			sourceTree = "<group>";
		};
		460202961F1F8CC600F89500 /* Words */ = {
			isa = PBXGroup;
			children = (
				461657B41F20D8C80033D897 /* Resources */,
				46A0AAA71F1F923F00207935 /* CoreData */,
				460202971F1F8CC600F89500 /* AppDelegate.swift */,
				461657B71F20D93C0033D897 /* SkyengAPI.swift */,
				46A0FC361F20E9E000E14B46 /* SkyengProduct.swift */,
				46B722D51F20DAD7008C2510 /* Session.swift */,
				460202991F1F8CC600F89500 /* ViewController.swift */,
				461657AC1F20D6440033D897 /* Meaning.swift */,
				461657B21F20D6930033D897 /* MeaningManager.swift */,
				4602029B1F1F8CC600F89500 /* Main.storyboard */,
				460202A11F1F8CC600F89500 /* Assets.xcassets */,
				460202A31F1F8CC600F89500 /* LaunchScreen.storyboard */,
				460202A61F1F8CC600F89500 /* Info.plist */,
				4602029E1F1F8CC600F89500 /* Words.xcdatamodeld */,
			);
			path = Words;
			sourceTree = "<group>";
		};
		461657B41F20D8C80033D897 /* Resources */ = {
			isa = PBXGroup;
			children = (
				461657B51F20D8E40033D897 /* MeaningIds.json */,
				46A0FC321F20E74500E14B46 /* Meaning192984.json */,
			);
			path = Resources;
			sourceTree = "<group>";
		};
		46A0AAA71F1F923F00207935 /* CoreData */ = {
			isa = PBXGroup;
			children = (
				461657AE1F20D67C0033D897 /* MeaningData+CoreDataClass.swift */,
				461657AF1F20D67C0033D897 /* MeaningData+CoreDataProperties.swift */,
			);
			path = CoreData;
			sourceTree = "<group>";
		};
		798E60889CF2D7AE1CCDDFB4 /* Frameworks */ = {
			isa = PBXGroup;
			children = (
				DAD725FA6835F40F3B72D60C /* Pods_Words.framework */,
			);
			name = Frameworks;
			sourceTree = "<group>";
		};
		EB90BCE0FEA13DA43B5BC4C6 /* Pods */ = {
			isa = PBXGroup;
			children = (
				645BF7D54A20427DA2333214 /* Pods-Words.debug.xcconfig */,
				3C0164D0F4181D4712D3C1C9 /* Pods-Words.release.xcconfig */,
			);
			name = Pods;
			sourceTree = "<group>";
		};
/* End PBXGroup section */

/* Begin PBXNativeTarget section */
		460202931F1F8CC600F89500 /* Words */ = {
			isa = PBXNativeTarget;
			buildConfigurationList = 460202A91F1F8CC600F89500 /* Build configuration list for PBXNativeTarget "Words" */;
			buildPhases = (
				2FFE65EA03346FB0C2CD97C1 /* [CP] Check Pods Manifest.lock */,
				460202901F1F8CC600F89500 /* Sources */,
				460202911F1F8CC600F89500 /* Frameworks */,
				460202921F1F8CC600F89500 /* Resources */,
				2414EB4D248B18A4FA5EC2D8 /* [CP] Embed Pods Frameworks */,
				582D3579436FCB42EE9A62CE /* [CP] Copy Pods Resources */,
			);
			buildRules = (
			);
			dependencies = (
			);
			name = Words;
			productName = Words;
			productReference = 460202941F1F8CC600F89500 /* Words.app */;
			productType = "com.apple.product-type.application";
		};
/* End PBXNativeTarget section */

/* Begin PBXProject section */
		4602028C1F1F8CC600F89500 /* Project object */ = {
			isa = PBXProject;
			attributes = {
				LastSwiftUpdateCheck = 0830;
				LastUpgradeCheck = 0830;
				ORGANIZATIONNAME = "Sergey Ilyushin";
				TargetAttributes = {
					460202931F1F8CC600F89500 = {
						CreatedOnToolsVersion = 8.3.3;
						DevelopmentTeam = 9KW86RW429;
						ProvisioningStyle = Automatic;
					};
				};
			};
			buildConfigurationList = 4602028F1F1F8CC600F89500 /* Build configuration list for PBXProject "Words" */;
			compatibilityVersion = "Xcode 3.2";
			developmentRegion = English;
			hasScannedForEncodings = 0;
			knownRegions = (
				en,
				Base,
			);
			mainGroup = 4602028B1F1F8CC600F89500;
			productRefGroup = 460202951F1F8CC600F89500 /* Products */;
			projectDirPath = "";
			projectRoot = "";
			targets = (
				460202931F1F8CC600F89500 /* Words */,
			);
		};
/* End PBXProject section */

/* Begin PBXResourcesBuildPhase section */
		460202921F1F8CC600F89500 /* Resources */ = {
			isa = PBXResourcesBuildPhase;
			buildActionMask = 2147483647;
			files = (
				460202A51F1F8CC600F89500 /* LaunchScreen.storyboard in Resources */,
				461657B61F20D8E40033D897 /* MeaningIds.json in Resources */,
				460202A21F1F8CC600F89500 /* Assets.xcassets in Resources */,
				4602029D1F1F8CC600F89500 /* Main.storyboard in Resources */,
				46A0FC331F20E74500E14B46 /* Meaning192984.json in Resources */,
			);
			runOnlyForDeploymentPostprocessing = 0;
		};
/* End PBXResourcesBuildPhase section */

/* Begin PBXShellScriptBuildPhase section */
		2414EB4D248B18A4FA5EC2D8 /* [CP] Embed Pods Frameworks */ = {
			isa = PBXShellScriptBuildPhase;
			buildActionMask = 2147483647;
			files = (
			);
			inputPaths = (
			);
			name = "[CP] Embed Pods Frameworks";
			outputPaths = (
			);
			runOnlyForDeploymentPostprocessing = 0;
			shellPath = /bin/sh;
			shellScript = "\"${SRCROOT}/Pods/Target Support Files/Pods-Words/Pods-Words-frameworks.sh\"\n";
			showEnvVarsInLog = 0;
		};
		2FFE65EA03346FB0C2CD97C1 /* [CP] Check Pods Manifest.lock */ = {
			isa = PBXShellScriptBuildPhase;
			buildActionMask = 2147483647;
			files = (
			);
			inputPaths = (
			);
			name = "[CP] Check Pods Manifest.lock";
			outputPaths = (
			);
			runOnlyForDeploymentPostprocessing = 0;
			shellPath = /bin/sh;
			shellScript = "diff \"${PODS_PODFILE_DIR_PATH}/Podfile.lock\" \"${PODS_ROOT}/Manifest.lock\" > /dev/null\nif [ $? != 0 ] ; then\n    # print error to STDERR\n    echo \"error: The sandbox is not in sync with the Podfile.lock. Run 'pod install' or update your CocoaPods installation.\" >&2\n    exit 1\nfi\n";
			showEnvVarsInLog = 0;
		};
		582D3579436FCB42EE9A62CE /* [CP] Copy Pods Resources */ = {
			isa = PBXShellScriptBuildPhase;
			buildActionMask = 2147483647;
			files = (
			);
			inputPaths = (
			);
			name = "[CP] Copy Pods Resources";
			outputPaths = (
			);
			runOnlyForDeploymentPostprocessing = 0;
			shellPath = /bin/sh;
			shellScript = "\"${SRCROOT}/Pods/Target Support Files/Pods-Words/Pods-Words-resources.sh\"\n";
			showEnvVarsInLog = 0;
		};
/* End PBXShellScriptBuildPhase section */

/* Begin PBXSourcesBuildPhase section */
		460202901F1F8CC600F89500 /* Sources */ = {
			isa = PBXSourcesBuildPhase;
			buildActionMask = 2147483647;
			files = (
				4602029A1F1F8CC600F89500 /* ViewController.swift in Sources */,
				461657B01F20D67C0033D897 /* MeaningData+CoreDataClass.swift in Sources */,
				46A0FC371F20E9E000E14B46 /* SkyengProduct.swift in Sources */,
				461657B31F20D6930033D897 /* MeaningManager.swift in Sources */,
				461657B11F20D67C0033D897 /* MeaningData+CoreDataProperties.swift in Sources */,
				460202A01F1F8CC600F89500 /* Words.xcdatamodeld in Sources */,
				461657B81F20D93C0033D897 /* SkyengAPI.swift in Sources */,
				460202981F1F8CC600F89500 /* AppDelegate.swift in Sources */,
				461657AD1F20D6440033D897 /* Meaning.swift in Sources */,
				46B722D61F20DAD7008C2510 /* Session.swift in Sources */,
			);
			runOnlyForDeploymentPostprocessing = 0;
		};
/* End PBXSourcesBuildPhase section */

/* Begin PBXVariantGroup section */
		4602029B1F1F8CC600F89500 /* Main.storyboard */ = {
			isa = PBXVariantGroup;
			children = (
				4602029C1F1F8CC600F89500 /* Base */,
			);
			name = Main.storyboard;
			sourceTree = "<group>";
		};
		460202A31F1F8CC600F89500 /* LaunchScreen.storyboard */ = {
			isa = PBXVariantGroup;
			children = (
				460202A41F1F8CC600F89500 /* Base */,
			);
			name = LaunchScreen.storyboard;
			sourceTree = "<group>";
		};
/* End PBXVariantGroup section */

/* Begin XCBuildConfiguration section */
		460202A71F1F8CC600F89500 /* Debug */ = {
			isa = XCBuildConfiguration;
			buildSettings = {
				ALWAYS_SEARCH_USER_PATHS = NO;
				CLANG_ANALYZER_NONNULL = YES;
				CLANG_ANALYZER_NUMBER_OBJECT_CONVERSION = YES_AGGRESSIVE;
				CLANG_CXX_LANGUAGE_STANDARD = "gnu++0x";
				CLANG_CXX_LIBRARY = "libc++";
				CLANG_ENABLE_MODULES = YES;
				CLANG_ENABLE_OBJC_ARC = YES;
				CLANG_WARN_BOOL_CONVERSION = YES;
				CLANG_WARN_CONSTANT_CONVERSION = YES;
				CLANG_WARN_DIRECT_OBJC_ISA_USAGE = YES_ERROR;
				CLANG_WARN_DOCUMENTATION_COMMENTS = YES;
				CLANG_WARN_EMPTY_BODY = YES;
				CLANG_WARN_ENUM_CONVERSION = YES;
				CLANG_WARN_INFINITE_RECURSION = YES;
				CLANG_WARN_INT_CONVERSION = YES;
				CLANG_WARN_OBJC_ROOT_CLASS = YES_ERROR;
				CLANG_WARN_SUSPICIOUS_MOVE = YES;
				CLANG_WARN_UNREACHABLE_CODE = YES;
				CLANG_WARN__DUPLICATE_METHOD_MATCH = YES;
				"CODE_SIGN_IDENTITY[sdk=iphoneos*]" = "iPhone Developer";
				COPY_PHASE_STRIP = NO;
				DEBUG_INFORMATION_FORMAT = dwarf;
				ENABLE_STRICT_OBJC_MSGSEND = YES;
				ENABLE_TESTABILITY = YES;
				GCC_C_LANGUAGE_STANDARD = gnu99;
				GCC_DYNAMIC_NO_PIC = NO;
				GCC_NO_COMMON_BLOCKS = YES;
				GCC_OPTIMIZATION_LEVEL = 0;
				GCC_PREPROCESSOR_DEFINITIONS = (
					"DEBUG=1",
					"$(inherited)",
				);
				GCC_WARN_64_TO_32_BIT_CONVERSION = YES;
				GCC_WARN_ABOUT_RETURN_TYPE = YES_ERROR;
				GCC_WARN_UNDECLARED_SELECTOR = YES;
				GCC_WARN_UNINITIALIZED_AUTOS = YES_AGGRESSIVE;
				GCC_WARN_UNUSED_FUNCTION = YES;
				GCC_WARN_UNUSED_VARIABLE = YES;
				IPHONEOS_DEPLOYMENT_TARGET = 10.3;
				MTL_ENABLE_DEBUG_INFO = YES;
				ONLY_ACTIVE_ARCH = YES;
				SDKROOT = iphoneos;
				SWIFT_ACTIVE_COMPILATION_CONDITIONS = DEBUG;
				SWIFT_OPTIMIZATION_LEVEL = "-Onone";
				TARGETED_DEVICE_FAMILY = "1,2";
			};
			name = Debug;
		};
		460202A81F1F8CC600F89500 /* Release */ = {
			isa = XCBuildConfiguration;
			buildSettings = {
				ALWAYS_SEARCH_USER_PATHS = NO;
				CLANG_ANALYZER_NONNULL = YES;
				CLANG_ANALYZER_NUMBER_OBJECT_CONVERSION = YES_AGGRESSIVE;
				CLANG_CXX_LANGUAGE_STANDARD = "gnu++0x";
				CLANG_CXX_LIBRARY = "libc++";
				CLANG_ENABLE_MODULES = YES;
				CLANG_ENABLE_OBJC_ARC = YES;
				CLANG_WARN_BOOL_CONVERSION = YES;
				CLANG_WARN_CONSTANT_CONVERSION = YES;
				CLANG_WARN_DIRECT_OBJC_ISA_USAGE = YES_ERROR;
				CLANG_WARN_DOCUMENTATION_COMMENTS = YES;
				CLANG_WARN_EMPTY_BODY = YES;
				CLANG_WARN_ENUM_CONVERSION = YES;
				CLANG_WARN_INFINITE_RECURSION = YES;
				CLANG_WARN_INT_CONVERSION = YES;
				CLANG_WARN_OBJC_ROOT_CLASS = YES_ERROR;
				CLANG_WARN_SUSPICIOUS_MOVE = YES;
				CLANG_WARN_UNREACHABLE_CODE = YES;
				CLANG_WARN__DUPLICATE_METHOD_MATCH = YES;
				"CODE_SIGN_IDENTITY[sdk=iphoneos*]" = "iPhone Developer";
				COPY_PHASE_STRIP = NO;
				DEBUG_INFORMATION_FORMAT = "dwarf-with-dsym";
				ENABLE_NS_ASSERTIONS = NO;
				ENABLE_STRICT_OBJC_MSGSEND = YES;
				GCC_C_LANGUAGE_STANDARD = gnu99;
				GCC_NO_COMMON_BLOCKS = YES;
				GCC_WARN_64_TO_32_BIT_CONVERSION = YES;
				GCC_WARN_ABOUT_RETURN_TYPE = YES_ERROR;
				GCC_WARN_UNDECLARED_SELECTOR = YES;
				GCC_WARN_UNINITIALIZED_AUTOS = YES_AGGRESSIVE;
				GCC_WARN_UNUSED_FUNCTION = YES;
				GCC_WARN_UNUSED_VARIABLE = YES;
				IPHONEOS_DEPLOYMENT_TARGET = 10.3;
				MTL_ENABLE_DEBUG_INFO = NO;
				SDKROOT = iphoneos;
				SWIFT_OPTIMIZATION_LEVEL = "-Owholemodule";
				TARGETED_DEVICE_FAMILY = "1,2";
				VALIDATE_PRODUCT = YES;
			};
			name = Release;
		};
		460202AA1F1F8CC600F89500 /* Debug */ = {
			isa = XCBuildConfiguration;
			baseConfigurationReference = 645BF7D54A20427DA2333214 /* Pods-Words.debug.xcconfig */;
			buildSettings = {
				ASSETCATALOG_COMPILER_APPICON_NAME = AppIcon;
				DEVELOPMENT_TEAM = 9KW86RW429;
				INFOPLIST_FILE = Words/Info.plist;
				IPHONEOS_DEPLOYMENT_TARGET = 10.3;
				LD_RUNPATH_SEARCH_PATHS = "$(inherited) @executable_path/Frameworks";
				PRODUCT_BUNDLE_IDENTIFIER = com.sisoft.Words;
				PRODUCT_NAME = "$(TARGET_NAME)";
				SWIFT_VERSION = 3.0;
			};
			name = Debug;
		};
		460202AB1F1F8CC600F89500 /* Release */ = {
			isa = XCBuildConfiguration;
			baseConfigurationReference = 3C0164D0F4181D4712D3C1C9 /* Pods-Words.release.xcconfig */;
			buildSettings = {
				ASSETCATALOG_COMPILER_APPICON_NAME = AppIcon;
				DEVELOPMENT_TEAM = 9KW86RW429;
				INFOPLIST_FILE = Words/Info.plist;
				IPHONEOS_DEPLOYMENT_TARGET = 10.3;
				LD_RUNPATH_SEARCH_PATHS = "$(inherited) @executable_path/Frameworks";
				PRODUCT_BUNDLE_IDENTIFIER = com.sisoft.Words;
				PRODUCT_NAME = "$(TARGET_NAME)";
				SWIFT_VERSION = 3.0;
			};
			name = Release;
		};
/* End XCBuildConfiguration section */

/* Begin XCConfigurationList section */
		4602028F1F1F8CC600F89500 /* Build configuration list for PBXProject "Words" */ = {
			isa = XCConfigurationList;
			buildConfigurations = (
				460202A71F1F8CC600F89500 /* Debug */,
				460202A81F1F8CC600F89500 /* Release */,
			);
			defaultConfigurationIsVisible = 0;
			defaultConfigurationName = Release;
		};
		460202A91F1F8CC600F89500 /* Build configuration list for PBXNativeTarget "Words" */ = {
			isa = XCConfigurationList;
			buildConfigurations = (
				460202AA1F1F8CC600F89500 /* Debug */,
				460202AB1F1F8CC600F89500 /* Release */,
			);
			defaultConfigurationIsVisible = 0;
			defaultConfigurationName = Release;
		};
/* End XCConfigurationList section */

/* Begin XCVersionGroup section */
		4602029E1F1F8CC600F89500 /* Words.xcdatamodeld */ = {
			isa = XCVersionGroup;
			children = (
				4602029F1F1F8CC600F89500 /* Words.xcdatamodel */,
			);
			currentVersion = 4602029F1F1F8CC600F89500 /* Words.xcdatamodel */;
			path = Words.xcdatamodeld;
			sourceTree = "<group>";
			versionGroupType = wrapper.xcdatamodel;
		};
/* End XCVersionGroup section */
	};
	rootObject = 4602028C1F1F8CC600F89500 /* Project object */;
}
